// !$*UTF8*$!
{
	archiveVersion = 1;
	classes = {
	};
	objectVersion = 51;
	objects = {

/* Begin PBXBuildFile section */
		30783AC409513BD441E624DE /* Pods_SorokaAppTest.framework in Frameworks */ = {isa = PBXBuildFile; fileRef = 0B37A8120CA7B00F1043A928 /* Pods_SorokaAppTest.framework */; };
		B5546ABF24114936000A5601 /* AppDelegate.swift in Sources */ = {isa = PBXBuildFile; fileRef = B5546ABE24114936000A5601 /* AppDelegate.swift */; };
		B5546AC324114936000A5601 /* ViewController.swift in Sources */ = {isa = PBXBuildFile; fileRef = B5546AC224114936000A5601 /* ViewController.swift */; };
		B5546AC624114936000A5601 /* Main.storyboard in Resources */ = {isa = PBXBuildFile; fileRef = B5546AC424114936000A5601 /* Main.storyboard */; };
		B5546AC824114937000A5601 /* Assets.xcassets in Resources */ = {isa = PBXBuildFile; fileRef = B5546AC724114937000A5601 /* Assets.xcassets */; };
		B5546ACB24114937000A5601 /* LaunchScreen.storyboard in Resources */ = {isa = PBXBuildFile; fileRef = B5546AC924114937000A5601 /* LaunchScreen.storyboard */; };
		B561F37F2412D7F4000321F5 /* MainViewController.swift in Sources */ = {isa = PBXBuildFile; fileRef = B561F37E2412D7F4000321F5 /* MainViewController.swift */; };
		B5A81A8B2413FE160049A533 /* CeraPro-Regular.ttf in Resources */ = {isa = PBXBuildFile; fileRef = B5A81A8A2413FE160049A533 /* CeraPro-Regular.ttf */; };
		B5D0041B2414DE4A00FDF2E1 /* NewProductCollectionViewCell.swift in Sources */ = {isa = PBXBuildFile; fileRef = B5D0041A2414DE4A00FDF2E1 /* NewProductCollectionViewCell.swift */; };
/* End PBXBuildFile section */

/* Begin PBXFileReference section */
		0B37A8120CA7B00F1043A928 /* Pods_SorokaAppTest.framework */ = {isa = PBXFileReference; explicitFileType = wrapper.framework; includeInIndex = 0; path = Pods_SorokaAppTest.framework; sourceTree = BUILT_PRODUCTS_DIR; };
		2D911B38FCF9AD3D158551AA /* Pods-SorokaAppTest.release.xcconfig */ = {isa = PBXFileReference; includeInIndex = 1; lastKnownFileType = text.xcconfig; name = "Pods-SorokaAppTest.release.xcconfig"; path = "Target Support Files/Pods-SorokaAppTest/Pods-SorokaAppTest.release.xcconfig"; sourceTree = "<group>"; };
		A08A1AC3FA5DF3E55E822A50 /* Pods-SorokaAppTest.debug.xcconfig */ = {isa = PBXFileReference; includeInIndex = 1; lastKnownFileType = text.xcconfig; name = "Pods-SorokaAppTest.debug.xcconfig"; path = "Target Support Files/Pods-SorokaAppTest/Pods-SorokaAppTest.debug.xcconfig"; sourceTree = "<group>"; };
		B5546ABB24114936000A5601 /* SorokaAppTest.app */ = {isa = PBXFileReference; explicitFileType = wrapper.application; includeInIndex = 0; path = SorokaAppTest.app; sourceTree = BUILT_PRODUCTS_DIR; };
		B5546ABE24114936000A5601 /* AppDelegate.swift */ = {isa = PBXFileReference; lastKnownFileType = sourcecode.swift; path = AppDelegate.swift; sourceTree = "<group>"; };
		B5546AC224114936000A5601 /* ViewController.swift */ = {isa = PBXFileReference; lastKnownFileType = sourcecode.swift; path = ViewController.swift; sourceTree = "<group>"; };
		B5546AC524114936000A5601 /* Base */ = {isa = PBXFileReference; lastKnownFileType = file.storyboard; name = Base; path = Base.lproj/Main.storyboard; sourceTree = "<group>"; };
		B5546AC724114937000A5601 /* Assets.xcassets */ = {isa = PBXFileReference; lastKnownFileType = folder.assetcatalog; path = Assets.xcassets; sourceTree = "<group>"; };
		B5546ACA24114937000A5601 /* Base */ = {isa = PBXFileReference; lastKnownFileType = file.storyboard; name = Base; path = Base.lproj/LaunchScreen.storyboard; sourceTree = "<group>"; };
		B5546ACC24114937000A5601 /* Info.plist */ = {isa = PBXFileReference; lastKnownFileType = text.plist.xml; path = Info.plist; sourceTree = "<group>"; };
		B561F37E2412D7F4000321F5 /* MainViewController.swift */ = {isa = PBXFileReference; lastKnownFileType = sourcecode.swift; path = MainViewController.swift; sourceTree = "<group>"; };
		B5A81A8A2413FE160049A533 /* CeraPro-Regular.ttf */ = {isa = PBXFileReference; lastKnownFileType = file; path = "CeraPro-Regular.ttf"; sourceTree = "<group>"; };
		B5D0041A2414DE4A00FDF2E1 /* NewProductCollectionViewCell.swift */ = {isa = PBXFileReference; lastKnownFileType = sourcecode.swift; path = NewProductCollectionViewCell.swift; sourceTree = "<group>"; };
/* End PBXFileReference section */

/* Begin PBXFrameworksBuildPhase section */
		B5546AB824114936000A5601 /* Frameworks */ = {
			isa = PBXFrameworksBuildPhase;
			buildActionMask = 2147483647;
			files = (
				30783AC409513BD441E624DE /* Pods_SorokaAppTest.framework in Frameworks */,
			);
			runOnlyForDeploymentPostprocessing = 0;
		};
/* End PBXFrameworksBuildPhase section */

/* Begin PBXGroup section */
		96D7C309F737D8159B2F5EA3 /* Frameworks */ = {
			isa = PBXGroup;
			children = (
				0B37A8120CA7B00F1043A928 /* Pods_SorokaAppTest.framework */,
			);
			name = Frameworks;
			sourceTree = "<group>";
		};
		B19C784427763BF171F67A4B /* Pods */ = {
			isa = PBXGroup;
			children = (
				A08A1AC3FA5DF3E55E822A50 /* Pods-SorokaAppTest.debug.xcconfig */,
				2D911B38FCF9AD3D158551AA /* Pods-SorokaAppTest.release.xcconfig */,
			);
			path = Pods;
			sourceTree = "<group>";
		};
		B5546AB224114936000A5601 = {
			isa = PBXGroup;
			children = (
				B5A81A892413FDF50049A533 /* Fonts */,
				B5546ABD24114936000A5601 /* SorokaAppTest */,
				B5546ABC24114936000A5601 /* Products */,
				B19C784427763BF171F67A4B /* Pods */,
				96D7C309F737D8159B2F5EA3 /* Frameworks */,
			);
			sourceTree = "<group>";
		};
		B5546ABC24114936000A5601 /* Products */ = {
			isa = PBXGroup;
			children = (
				B5546ABB24114936000A5601 /* SorokaAppTest.app */,
			);
			name = Products;
			sourceTree = "<group>";
		};
		B5546ABD24114936000A5601 /* SorokaAppTest */ = {
			isa = PBXGroup;
			children = (
				B5546ABE24114936000A5601 /* AppDelegate.swift */,
				B5546AC224114936000A5601 /* ViewController.swift */,
				B5546AC424114936000A5601 /* Main.storyboard */,
				B5546AC724114937000A5601 /* Assets.xcassets */,
				B5546AC924114937000A5601 /* LaunchScreen.storyboard */,
				B5546ACC24114937000A5601 /* Info.plist */,
				B561F37E2412D7F4000321F5 /* MainViewController.swift */,
				B5D0041A2414DE4A00FDF2E1 /* NewProductCollectionViewCell.swift */,
			);
			path = SorokaAppTest;
			sourceTree = "<group>";
		};
		B5A81A892413FDF50049A533 /* Fonts */ = {
			isa = PBXGroup;
			children = (
				B5A81A8A2413FE160049A533 /* CeraPro-Regular.ttf */,
			);
			path = Fonts;
			sourceTree = "<group>";
		};
/* End PBXGroup section */

/* Begin PBXNativeTarget section */
		B5546ABA24114936000A5601 /* SorokaAppTest */ = {
			isa = PBXNativeTarget;
			buildConfigurationList = B5546ACF24114937000A5601 /* Build configuration list for PBXNativeTarget "SorokaAppTest" */;
			buildPhases = (
				58E5066CBFB2FC5046FC76FF /* [CP] Check Pods Manifest.lock */,
				B5546AB724114936000A5601 /* Sources */,
				B5546AB824114936000A5601 /* Frameworks */,
				B5546AB924114936000A5601 /* Resources */,
				681BA4E044184527C73680F9 /* [CP] Embed Pods Frameworks */,
			);
			buildRules = (
			);
			dependencies = (
			);
			name = SorokaAppTest;
			productName = SorokaAppTest;
			productReference = B5546ABB24114936000A5601 /* SorokaAppTest.app */;
			productType = "com.apple.product-type.application";
		};
/* End PBXNativeTarget section */

/* Begin PBXProject section */
		B5546AB324114936000A5601 /* Project object */ = {
			isa = PBXProject;
			attributes = {
				LastSwiftUpdateCheck = 1130;
				LastUpgradeCheck = 1130;
				ORGANIZATIONNAME = Istvud;
				TargetAttributes = {
					B5546ABA24114936000A5601 = {
						CreatedOnToolsVersion = 11.3.1;
					};
				};
			};
			buildConfigurationList = B5546AB624114936000A5601 /* Build configuration list for PBXProject "SorokaAppTest" */;
			compatibilityVersion = "Xcode 9.3";
			developmentRegion = en;
			hasScannedForEncodings = 0;
			knownRegions = (
				en,
				Base,
			);
			mainGroup = B5546AB224114936000A5601;
			productRefGroup = B5546ABC24114936000A5601 /* Products */;
			projectDirPath = "";
			projectRoot = "";
			targets = (
				B5546ABA24114936000A5601 /* SorokaAppTest */,
			);
		};
/* End PBXProject section */

/* Begin PBXResourcesBuildPhase section */
		B5546AB924114936000A5601 /* Resources */ = {
			isa = PBXResourcesBuildPhase;
			buildActionMask = 2147483647;
			files = (
				B5546ACB24114937000A5601 /* LaunchScreen.storyboard in Resources */,
				B5546AC824114937000A5601 /* Assets.xcassets in Resources */,
				B5A81A8B2413FE160049A533 /* CeraPro-Regular.ttf in Resources */,
				B5546AC624114936000A5601 /* Main.storyboard in Resources */,
			);
			runOnlyForDeploymentPostprocessing = 0;
		};
/* End PBXResourcesBuildPhase section */

/* Begin PBXShellScriptBuildPhase section */
		58E5066CBFB2FC5046FC76FF /* [CP] Check Pods Manifest.lock */ = {
			isa = PBXShellScriptBuildPhase;
			buildActionMask = 2147483647;
			files = (
			);
			inputFileListPaths = (
			);
			inputPaths = (
				"${PODS_PODFILE_DIR_PATH}/Podfile.lock",
				"${PODS_ROOT}/Manifest.lock",
			);
			name = "[CP] Check Pods Manifest.lock";
			outputFileListPaths = (
			);
			outputPaths = (
				"$(DERIVED_FILE_DIR)/Pods-SorokaAppTest-checkManifestLockResult.txt",
			);
			runOnlyForDeploymentPostprocessing = 0;
			shellPath = /bin/sh;
			shellScript = "diff \"${PODS_PODFILE_DIR_PATH}/Podfile.lock\" \"${PODS_ROOT}/Manifest.lock\" > /dev/null\nif [ $? != 0 ] ; then\n    # print error to STDERR\n    echo \"error: The sandbox is not in sync with the Podfile.lock. Run 'pod install' or update your CocoaPods installation.\" >&2\n    exit 1\nfi\n# This output is used by Xcode 'outputs' to avoid re-running this script phase.\necho \"SUCCESS\" > \"${SCRIPT_OUTPUT_FILE_0}\"\n";
			showEnvVarsInLog = 0;
		};
		681BA4E044184527C73680F9 /* [CP] Embed Pods Frameworks */ = {
			isa = PBXShellScriptBuildPhase;
			buildActionMask = 2147483647;
			files = (
			);
			inputFileListPaths = (
				"${PODS_ROOT}/Target Support Files/Pods-SorokaAppTest/Pods-SorokaAppTest-frameworks-${CONFIGURATION}-input-files.xcfilelist",
			);
			name = "[CP] Embed Pods Frameworks";
			outputFileListPaths = (
				"${PODS_ROOT}/Target Support Files/Pods-SorokaAppTest/Pods-SorokaAppTest-frameworks-${CONFIGURATION}-output-files.xcfilelist",
			);
			runOnlyForDeploymentPostprocessing = 0;
			shellPath = /bin/sh;
			shellScript = "\"${PODS_ROOT}/Target Support Files/Pods-SorokaAppTest/Pods-SorokaAppTest-frameworks.sh\"\n";
			showEnvVarsInLog = 0;
		};
/* End PBXShellScriptBuildPhase section */

/* Begin PBXSourcesBuildPhase section */
		B5546AB724114936000A5601 /* Sources */ = {
			isa = PBXSourcesBuildPhase;
			buildActionMask = 2147483647;
			files = (
				B561F37F2412D7F4000321F5 /* MainViewController.swift in Sources */,
				B5546AC324114936000A5601 /* ViewController.swift in Sources */,
				B5546ABF24114936000A5601 /* AppDelegate.swift in Sources */,
				B5D0041B2414DE4A00FDF2E1 /* NewProductCollectionViewCell.swift in Sources */,
			);
			runOnlyForDeploymentPostprocessing = 0;
		};
/* End PBXSourcesBuildPhase section */

/* Begin PBXVariantGroup section */
		B5546AC424114936000A5601 /* Main.storyboard */ = {
			isa = PBXVariantGroup;
			children = (
				B5546AC524114936000A5601 /* Base */,
			);
			name = Main.storyboard;
			sourceTree = "<group>";
		};
		B5546AC924114937000A5601 /* LaunchScreen.storyboard */ = {
			isa = PBXVariantGroup;
			children = (
				B5546ACA24114937000A5601 /* Base */,
			);
			name = LaunchScreen.storyboard;
			sourceTree = "<group>";
		};
/* End PBXVariantGroup section */

/* Begin XCBuildConfiguration section */
		B5546ACD24114937000A5601 /* Debug */ = {
			isa = XCBuildConfiguration;
			buildSettings = {
				ALWAYS_SEARCH_USER_PATHS = NO;
				CLANG_ANALYZER_NONNULL = YES;
				CLANG_ANALYZER_NUMBER_OBJECT_CONVERSION = YES_AGGRESSIVE;
				CLANG_CXX_LANGUAGE_STANDARD = "gnu++14";
				CLANG_CXX_LIBRARY = "libc++";
				CLANG_ENABLE_MODULES = YES;
				CLANG_ENABLE_OBJC_ARC = YES;
				CLANG_ENABLE_OBJC_WEAK = YES;
				CLANG_WARN_BLOCK_CAPTURE_AUTORELEASING = YES;
				CLANG_WARN_BOOL_CONVERSION = YES;
				CLANG_WARN_COMMA = YES;
				CLANG_WARN_CONSTANT_CONVERSION = YES;
				CLANG_WARN_DEPRECATED_OBJC_IMPLEMENTATIONS = YES;
				CLANG_WARN_DIRECT_OBJC_ISA_USAGE = YES_ERROR;
				CLANG_WARN_DOCUMENTATION_COMMENTS = YES;
				CLANG_WARN_EMPTY_BODY = YES;
				CLANG_WARN_ENUM_CONVERSION = YES;
				CLANG_WARN_INFINITE_RECURSION = YES;
				CLANG_WARN_INT_CONVERSION = YES;
				CLANG_WARN_NON_LITERAL_NULL_CONVERSION = YES;
				CLANG_WARN_OBJC_IMPLICIT_RETAIN_SELF = YES;
				CLANG_WARN_OBJC_LITERAL_CONVERSION = YES;
				CLANG_WARN_OBJC_ROOT_CLASS = YES_ERROR;
				CLANG_WARN_RANGE_LOOP_ANALYSIS = YES;
				CLANG_WARN_STRICT_PROTOTYPES = YES;
				CLANG_WARN_SUSPICIOUS_MOVE = YES;
				CLANG_WARN_UNGUARDED_AVAILABILITY = YES_AGGRESSIVE;
				CLANG_WARN_UNREACHABLE_CODE = YES;
				CLANG_WARN__DUPLICATE_METHOD_MATCH = YES;
				COPY_PHASE_STRIP = NO;
				DEBUG_INFORMATION_FORMAT = dwarf;
				ENABLE_STRICT_OBJC_MSGSEND = YES;
				ENABLE_TESTABILITY = YES;
				GCC_C_LANGUAGE_STANDARD = gnu11;
				GCC_DYNAMIC_NO_PIC = NO;
				GCC_NO_COMMON_BLOCKS = YES;
				GCC_OPTIMIZATION_LEVEL = 0;
				GCC_PREPROCESSOR_DEFINITIONS = (
					"DEBUG=1",
					"$(inherited)",
				);
				GCC_WARN_64_TO_32_BIT_CONVERSION = YES;
				GCC_WARN_ABOUT_RETURN_TYPE = YES_ERROR;
				GCC_WARN_UNDECLARED_SELECTOR = YES;
				GCC_WARN_UNINITIALIZED_AUTOS = YES_AGGRESSIVE;
				GCC_WARN_UNUSED_FUNCTION = YES;
				GCC_WARN_UNUSED_VARIABLE = YES;
				IPHONEOS_DEPLOYMENT_TARGET = 13.2;
				MTL_ENABLE_DEBUG_INFO = INCLUDE_SOURCE;
				MTL_FAST_MATH = YES;
				ONLY_ACTIVE_ARCH = YES;
				SDKROOT = iphoneos;
				SWIFT_ACTIVE_COMPILATION_CONDITIONS = DEBUG;
				SWIFT_OPTIMIZATION_LEVEL = "-Onone";
			};
			name = Debug;
		};
		B5546ACE24114937000A5601 /* Release */ = {
			isa = XCBuildConfiguration;
			buildSettings = {
				ALWAYS_SEARCH_USER_PATHS = NO;
				CLANG_ANALYZER_NONNULL = YES;
				CLANG_ANALYZER_NUMBER_OBJECT_CONVERSION = YES_AGGRESSIVE;
				CLANG_CXX_LANGUAGE_STANDARD = "gnu++14";
				CLANG_CXX_LIBRARY = "libc++";
				CLANG_ENABLE_MODULES = YES;
				CLANG_ENABLE_OBJC_ARC = YES;
				CLANG_ENABLE_OBJC_WEAK = YES;
				CLANG_WARN_BLOCK_CAPTURE_AUTORELEASING = YES;
				CLANG_WARN_BOOL_CONVERSION = YES;
				CLANG_WARN_COMMA = YES;
				CLANG_WARN_CONSTANT_CONVERSION = YES;
				CLANG_WARN_DEPRECATED_OBJC_IMPLEMENTATIONS = YES;
				CLANG_WARN_DIRECT_OBJC_ISA_USAGE = YES_ERROR;
				CLANG_WARN_DOCUMENTATION_COMMENTS = YES;
				CLANG_WARN_EMPTY_BODY = YES;
				CLANG_WARN_ENUM_CONVERSION = YES;
				CLANG_WARN_INFINITE_RECURSION = YES;
				CLANG_WARN_INT_CONVERSION = YES;
				CLANG_WARN_NON_LITERAL_NULL_CONVERSION = YES;
				CLANG_WARN_OBJC_IMPLICIT_RETAIN_SELF = YES;
				CLANG_WARN_OBJC_LITERAL_CONVERSION = YES;
				CLANG_WARN_OBJC_ROOT_CLASS = YES_ERROR;
				CLANG_WARN_RANGE_LOOP_ANALYSIS = YES;
				CLANG_WARN_STRICT_PROTOTYPES = YES;
				CLANG_WARN_SUSPICIOUS_MOVE = YES;
				CLANG_WARN_UNGUARDED_AVAILABILITY = YES_AGGRESSIVE;
				CLANG_WARN_UNREACHABLE_CODE = YES;
				CLANG_WARN__DUPLICATE_METHOD_MATCH = YES;
				COPY_PHASE_STRIP = NO;
				DEBUG_INFORMATION_FORMAT = "dwarf-with-dsym";
				ENABLE_NS_ASSERTIONS = NO;
				ENABLE_STRICT_OBJC_MSGSEND = YES;
				GCC_C_LANGUAGE_STANDARD = gnu11;
				GCC_NO_COMMON_BLOCKS = YES;
				GCC_WARN_64_TO_32_BIT_CONVERSION = YES;
				GCC_WARN_ABOUT_RETURN_TYPE = YES_ERROR;
				GCC_WARN_UNDECLARED_SELECTOR = YES;
				GCC_WARN_UNINITIALIZED_AUTOS = YES_AGGRESSIVE;
				GCC_WARN_UNUSED_FUNCTION = YES;
				GCC_WARN_UNUSED_VARIABLE = YES;
				IPHONEOS_DEPLOYMENT_TARGET = 13.2;
				MTL_ENABLE_DEBUG_INFO = NO;
				MTL_FAST_MATH = YES;
				SDKROOT = iphoneos;
				SWIFT_COMPILATION_MODE = wholemodule;
				SWIFT_OPTIMIZATION_LEVEL = "-O";
				VALIDATE_PRODUCT = YES;
			};
			name = Release;
		};
		B5546AD024114937000A5601 /* Debug */ = {
			isa = XCBuildConfiguration;
			baseConfigurationReference = A08A1AC3FA5DF3E55E822A50 /* Pods-SorokaAppTest.debug.xcconfig */;
			buildSettings = {
				ASSETCATALOG_COMPILER_APPICON_NAME = AppIcon;
				CODE_SIGN_STYLE = Automatic;
				DEVELOPMENT_TEAM = 84YBPYGAVR;
				INFOPLIST_FILE = SorokaAppTest/Info.plist;
				LD_RUNPATH_SEARCH_PATHS = (
					"$(inherited)",
					"@executable_path/Frameworks",
				);
				PRODUCT_BUNDLE_IDENTIFIER = Istvud.SorokaAppTest;
				PRODUCT_NAME = "$(TARGET_NAME)";
				SWIFT_VERSION = 5.0;
				TARGETED_DEVICE_FAMILY = 1;
			};
			name = Debug;
		};
		B5546AD124114937000A5601 /* Release */ = {
			isa = XCBuildConfiguration;
			baseConfigurationReference = 2D911B38FCF9AD3D158551AA /* Pods-SorokaAppTest.release.xcconfig */;
			buildSettings = {
				ASSETCATALOG_COMPILER_APPICON_NAME = AppIcon;
				CODE_SIGN_STYLE = Automatic;
				DEVELOPMENT_TEAM = 84YBPYGAVR;
				INFOPLIST_FILE = SorokaAppTest/Info.plist;
				LD_RUNPATH_SEARCH_PATHS = (
					"$(inherited)",
					"@executable_path/Frameworks",
				);
				PRODUCT_BUNDLE_IDENTIFIER = Istvud.SorokaAppTest;
				PRODUCT_NAME = "$(TARGET_NAME)";
				SWIFT_VERSION = 5.0;
				TARGETED_DEVICE_FAMILY = 1;
			};
			name = Release;
		};
/* End XCBuildConfiguration section */

/* Begin XCConfigurationList section */
		B5546AB624114936000A5601 /* Build configuration list for PBXProject "SorokaAppTest" */ = {
			isa = XCConfigurationList;
			buildConfigurations = (
				B5546ACD24114937000A5601 /* Debug */,
				B5546ACE24114937000A5601 /* Release */,
			);
			defaultConfigurationIsVisible = 0;
			defaultConfigurationName = Release;
		};
		B5546ACF24114937000A5601 /* Build configuration list for PBXNativeTarget "SorokaAppTest" */ = {
			isa = XCConfigurationList;
			buildConfigurations = (
				B5546AD024114937000A5601 /* Debug */,
				B5546AD124114937000A5601 /* Release */,
			);
			defaultConfigurationIsVisible = 0;
			defaultConfigurationName = Release;
		};
/* End XCConfigurationList section */
	};
	rootObject = B5546AB324114936000A5601 /* Project object */;
}
